
Microsoft Visual Studio Solution File, Format Version 12.00
# Visual Studio 15
VisualStudioVersion = 15.0.26430.16
MinimumVisualStudioVersion = 10.0.40219.1
Project("{2150E333-8FDC-42A3-9474-1A3956D46DE8}") = "src", "src", "{F5B1C5B5-3688-4959-BC5C-FE729C06F9AB}"
EndProject
Project("{9A19103F-16F7-4668-BE54-9A1E7A4F7556}") = "WanVet.UI", "src\WanVet.UI\WanVet.UI.csproj", "{17F16973-0005-48F3-B0D6-C52D59150E08}"
EndProject
Project("{9A19103F-16F7-4668-BE54-9A1E7A4F7556}") = "WanVet.Messaging", "src\WanVet.Messaging\WanVet.Messaging.csproj", "{F079C2C9-5DF0-432D-AF16-9CDAA1369053}"
EndProject
Project("{2150E333-8FDC-42A3-9474-1A3956D46DE8}") = "1 - Presentation", "1 - Presentation", "{63EEE1B9-CFBA-4E82-8166-14CEEE99D356}"
EndProject
Project("{9A19103F-16F7-4668-BE54-9A1E7A4F7556}") = "WanVet.Application", "src\WanVet.Application\WanVet.Application.csproj", "{2DB21C8D-C424-4081-900E-BAFFD80FF7C8}"
EndProject
Project("{2150E333-8FDC-42A3-9474-1A3956D46DE8}") = "2 - Application", "2 - Application", "{26A4FD12-C86C-4122-84CA-72CE53267BCB}"
EndProject
Project("{2150E333-8FDC-42A3-9474-1A3956D46DE8}") = "3 - Domain", "3 - Domain", "{8A0F3087-C492-4D34-9C94-34C64AA131E9}"
EndProject
Project("{9A19103F-16F7-4668-BE54-9A1E7A4F7556}") = "WanVet.Micro.UserManagement.Write", "src\WanVet.Micro.UserManagement.Write\WanVet.Micro.UserManagement.Write.csproj", "{910B21A7-139A-4C05-BBA3-7ABECB186774}"
EndProject
Project("{9A19103F-16F7-4668-BE54-9A1E7A4F7556}") = "WanVet.Micro.UserManagement.Read", "src\WanVet.Micro.UserManagement.Read\WanVet.Micro.UserManagement.Read.csproj", "{09A61A25-6163-4AF3-B317-8B979B674248}"
EndProject
Project("{2150E333-8FDC-42A3-9474-1A3956D46DE8}") = "4 - Infrastructure", "4 - Infrastructure", "{EA599C81-C2C5-4E4E-AD1E-A7D8565B4E11}"
EndProject
Project("{9A19103F-16F7-4668-BE54-9A1E7A4F7556}") = "WanVet.Infrastructure.Write", "src\WanVet.Infrastructure.Write\WanVet.Infrastructure.Write.csproj", "{D02EA578-DCA5-434C-9F6C-564E683F865A}"
EndProject
Project("{9A19103F-16F7-4668-BE54-9A1E7A4F7556}") = "WanVet.Infrastructure.Read", "src\WanVet.Infrastructure.Read\WanVet.Infrastructure.Read.csproj", "{C97294D8-A2FF-4138-BC4E-ABB38F93ADBD}"
EndProject
Project("{9A19103F-16F7-4668-BE54-9A1E7A4F7556}") = "WanVet.Micro.PetManagement.Read", "src\WanVet.Micro.PetManagement.Read\WanVet.Micro.PetManagement.Read.csproj", "{91565FC2-B253-4F23-ACA6-0B166C5BA57A}"
EndProject
Project("{9A19103F-16F7-4668-BE54-9A1E7A4F7556}") = "WanVet.Micro.PetManagement.Write", "src\WanVet.Micro.PetManagement.Write\WanVet.Micro.PetManagement.Write.csproj", "{76B07ED2-8B8E-42B9-B794-358FFE28E3CE}"
EndProject
Project("{9A19103F-16F7-4668-BE54-9A1E7A4F7556}") = "WanVet.Micro.AppointmentManagement.Read", "src\WanVet.Micro.AppointmentManagement.Read\WanVet.Micro.AppointmentManagement.Read.csproj", "{C973F9AF-7C23-470E-ADE0-FA052A97F381}"
EndProject
Project("{9A19103F-16F7-4668-BE54-9A1E7A4F7556}") = "WanVet.Micro.CalendarManagement.Read", "src\WanVet.Micro.CalendarManagement.Read\WanVet.Micro.CalendarManagement.Read.csproj", "{AC0A36B7-B2F1-467D-A818-4712600C52B9}"
EndProject
Project("{FAE04EC0-301F-11D3-BF4B-00C04F79EFBC}") = "WanVet.Micro.AppointmentManagement.Write", "src\WanVet.Micro.AppointmentManagement.Write\WanVet.Micro.AppointmentManagement.Write.csproj", "{6EE30F26-6547-4AA3-BB48-80B26EE0E693}"
EndProject
Project("{FAE04EC0-301F-11D3-BF4B-00C04F79EFBC}") = "WanVet.Micro.CalendarManagement.Write", "src\WanVet.Micro.CalendarManagement.Write\WanVet.Micro.CalendarManagement.Write.csproj", "{C9066C88-95AF-4E81-886A-563C26F7ADD5}"
EndProject
Global
	GlobalSection(SolutionConfigurationPlatforms) = preSolution
		Debug|Any CPU = Debug|Any CPU
		Debug|x64 = Debug|x64
		Debug|x86 = Debug|x86
		Release|Any CPU = Release|Any CPU
		Release|x64 = Release|x64
		Release|x86 = Release|x86
	EndGlobalSection
	GlobalSection(ProjectConfigurationPlatforms) = postSolution
		{17F16973-0005-48F3-B0D6-C52D59150E08}.Debug|Any CPU.ActiveCfg = Debug|Any CPU
		{17F16973-0005-48F3-B0D6-C52D59150E08}.Debug|Any CPU.Build.0 = Debug|Any CPU
		{17F16973-0005-48F3-B0D6-C52D59150E08}.Debug|x64.ActiveCfg = Debug|Any CPU
		{17F16973-0005-48F3-B0D6-C52D59150E08}.Debug|x64.Build.0 = Debug|Any CPU
		{17F16973-0005-48F3-B0D6-C52D59150E08}.Debug|x86.ActiveCfg = Debug|Any CPU
		{17F16973-0005-48F3-B0D6-C52D59150E08}.Debug|x86.Build.0 = Debug|Any CPU
		{17F16973-0005-48F3-B0D6-C52D59150E08}.Release|Any CPU.ActiveCfg = Release|Any CPU
		{17F16973-0005-48F3-B0D6-C52D59150E08}.Release|Any CPU.Build.0 = Release|Any CPU
		{17F16973-0005-48F3-B0D6-C52D59150E08}.Release|x64.ActiveCfg = Release|Any CPU
		{17F16973-0005-48F3-B0D6-C52D59150E08}.Release|x64.Build.0 = Release|Any CPU
		{17F16973-0005-48F3-B0D6-C52D59150E08}.Release|x86.ActiveCfg = Release|Any CPU
		{17F16973-0005-48F3-B0D6-C52D59150E08}.Release|x86.Build.0 = Release|Any CPU
		{F079C2C9-5DF0-432D-AF16-9CDAA1369053}.Debug|Any CPU.ActiveCfg = Debug|Any CPU
		{F079C2C9-5DF0-432D-AF16-9CDAA1369053}.Debug|Any CPU.Build.0 = Debug|Any CPU
		{F079C2C9-5DF0-432D-AF16-9CDAA1369053}.Debug|x64.ActiveCfg = Debug|Any CPU
		{F079C2C9-5DF0-432D-AF16-9CDAA1369053}.Debug|x64.Build.0 = Debug|Any CPU
		{F079C2C9-5DF0-432D-AF16-9CDAA1369053}.Debug|x86.ActiveCfg = Debug|Any CPU
		{F079C2C9-5DF0-432D-AF16-9CDAA1369053}.Debug|x86.Build.0 = Debug|Any CPU
		{F079C2C9-5DF0-432D-AF16-9CDAA1369053}.Release|Any CPU.ActiveCfg = Release|Any CPU
		{F079C2C9-5DF0-432D-AF16-9CDAA1369053}.Release|Any CPU.Build.0 = Release|Any CPU
		{F079C2C9-5DF0-432D-AF16-9CDAA1369053}.Release|x64.ActiveCfg = Release|Any CPU
		{F079C2C9-5DF0-432D-AF16-9CDAA1369053}.Release|x64.Build.0 = Release|Any CPU
		{F079C2C9-5DF0-432D-AF16-9CDAA1369053}.Release|x86.ActiveCfg = Release|Any CPU
		{F079C2C9-5DF0-432D-AF16-9CDAA1369053}.Release|x86.Build.0 = Release|Any CPU
		{2DB21C8D-C424-4081-900E-BAFFD80FF7C8}.Debug|Any CPU.ActiveCfg = Debug|Any CPU
		{2DB21C8D-C424-4081-900E-BAFFD80FF7C8}.Debug|Any CPU.Build.0 = Debug|Any CPU
		{2DB21C8D-C424-4081-900E-BAFFD80FF7C8}.Debug|x64.ActiveCfg = Debug|Any CPU
		{2DB21C8D-C424-4081-900E-BAFFD80FF7C8}.Debug|x64.Build.0 = Debug|Any CPU
		{2DB21C8D-C424-4081-900E-BAFFD80FF7C8}.Debug|x86.ActiveCfg = Debug|Any CPU
		{2DB21C8D-C424-4081-900E-BAFFD80FF7C8}.Debug|x86.Build.0 = Debug|Any CPU
		{2DB21C8D-C424-4081-900E-BAFFD80FF7C8}.Release|Any CPU.ActiveCfg = Release|Any CPU
		{2DB21C8D-C424-4081-900E-BAFFD80FF7C8}.Release|Any CPU.Build.0 = Release|Any CPU
		{2DB21C8D-C424-4081-900E-BAFFD80FF7C8}.Release|x64.ActiveCfg = Release|Any CPU
		{2DB21C8D-C424-4081-900E-BAFFD80FF7C8}.Release|x64.Build.0 = Release|Any CPU
		{2DB21C8D-C424-4081-900E-BAFFD80FF7C8}.Release|x86.ActiveCfg = Release|Any CPU
		{2DB21C8D-C424-4081-900E-BAFFD80FF7C8}.Release|x86.Build.0 = Release|Any CPU
		{910B21A7-139A-4C05-BBA3-7ABECB186774}.Debug|Any CPU.ActiveCfg = Debug|Any CPU
		{910B21A7-139A-4C05-BBA3-7ABECB186774}.Debug|Any CPU.Build.0 = Debug|Any CPU
		{910B21A7-139A-4C05-BBA3-7ABECB186774}.Debug|x64.ActiveCfg = Debug|Any CPU
		{910B21A7-139A-4C05-BBA3-7ABECB186774}.Debug|x64.Build.0 = Debug|Any CPU
		{910B21A7-139A-4C05-BBA3-7ABECB186774}.Debug|x86.ActiveCfg = Debug|Any CPU
		{910B21A7-139A-4C05-BBA3-7ABECB186774}.Debug|x86.Build.0 = Debug|Any CPU
		{910B21A7-139A-4C05-BBA3-7ABECB186774}.Release|Any CPU.ActiveCfg = Release|Any CPU
		{910B21A7-139A-4C05-BBA3-7ABECB186774}.Release|Any CPU.Build.0 = Release|Any CPU
		{910B21A7-139A-4C05-BBA3-7ABECB186774}.Release|x64.ActiveCfg = Release|Any CPU
		{910B21A7-139A-4C05-BBA3-7ABECB186774}.Release|x64.Build.0 = Release|Any CPU
		{910B21A7-139A-4C05-BBA3-7ABECB186774}.Release|x86.ActiveCfg = Release|Any CPU
		{910B21A7-139A-4C05-BBA3-7ABECB186774}.Release|x86.Build.0 = Release|Any CPU
		{09A61A25-6163-4AF3-B317-8B979B674248}.Debug|Any CPU.ActiveCfg = Debug|Any CPU
		{09A61A25-6163-4AF3-B317-8B979B674248}.Debug|Any CPU.Build.0 = Debug|Any CPU
		{09A61A25-6163-4AF3-B317-8B979B674248}.Debug|x64.ActiveCfg = Debug|Any CPU
		{09A61A25-6163-4AF3-B317-8B979B674248}.Debug|x64.Build.0 = Debug|Any CPU
		{09A61A25-6163-4AF3-B317-8B979B674248}.Debug|x86.ActiveCfg = Debug|Any CPU
		{09A61A25-6163-4AF3-B317-8B979B674248}.Debug|x86.Build.0 = Debug|Any CPU
		{09A61A25-6163-4AF3-B317-8B979B674248}.Release|Any CPU.ActiveCfg = Release|Any CPU
		{09A61A25-6163-4AF3-B317-8B979B674248}.Release|Any CPU.Build.0 = Release|Any CPU
		{09A61A25-6163-4AF3-B317-8B979B674248}.Release|x64.ActiveCfg = Release|Any CPU
		{09A61A25-6163-4AF3-B317-8B979B674248}.Release|x64.Build.0 = Release|Any CPU
		{09A61A25-6163-4AF3-B317-8B979B674248}.Release|x86.ActiveCfg = Release|Any CPU
		{09A61A25-6163-4AF3-B317-8B979B674248}.Release|x86.Build.0 = Release|Any CPU
		{D02EA578-DCA5-434C-9F6C-564E683F865A}.Debug|Any CPU.ActiveCfg = Debug|Any CPU
		{D02EA578-DCA5-434C-9F6C-564E683F865A}.Debug|Any CPU.Build.0 = Debug|Any CPU
		{D02EA578-DCA5-434C-9F6C-564E683F865A}.Debug|x64.ActiveCfg = Debug|Any CPU
		{D02EA578-DCA5-434C-9F6C-564E683F865A}.Debug|x64.Build.0 = Debug|Any CPU
		{D02EA578-DCA5-434C-9F6C-564E683F865A}.Debug|x86.ActiveCfg = Debug|Any CPU
		{D02EA578-DCA5-434C-9F6C-564E683F865A}.Debug|x86.Build.0 = Debug|Any CPU
		{D02EA578-DCA5-434C-9F6C-564E683F865A}.Release|Any CPU.ActiveCfg = Release|Any CPU
		{D02EA578-DCA5-434C-9F6C-564E683F865A}.Release|Any CPU.Build.0 = Release|Any CPU
		{D02EA578-DCA5-434C-9F6C-564E683F865A}.Release|x64.ActiveCfg = Release|Any CPU
		{D02EA578-DCA5-434C-9F6C-564E683F865A}.Release|x64.Build.0 = Release|Any CPU
		{D02EA578-DCA5-434C-9F6C-564E683F865A}.Release|x86.ActiveCfg = Release|Any CPU
		{D02EA578-DCA5-434C-9F6C-564E683F865A}.Release|x86.Build.0 = Release|Any CPU
		{C97294D8-A2FF-4138-BC4E-ABB38F93ADBD}.Debug|Any CPU.ActiveCfg = Debug|Any CPU
		{C97294D8-A2FF-4138-BC4E-ABB38F93ADBD}.Debug|Any CPU.Build.0 = Debug|Any CPU
		{C97294D8-A2FF-4138-BC4E-ABB38F93ADBD}.Debug|x64.ActiveCfg = Debug|Any CPU
		{C97294D8-A2FF-4138-BC4E-ABB38F93ADBD}.Debug|x64.Build.0 = Debug|Any CPU
		{C97294D8-A2FF-4138-BC4E-ABB38F93ADBD}.Debug|x86.ActiveCfg = Debug|Any CPU
		{C97294D8-A2FF-4138-BC4E-ABB38F93ADBD}.Debug|x86.Build.0 = Debug|Any CPU
		{C97294D8-A2FF-4138-BC4E-ABB38F93ADBD}.Release|Any CPU.ActiveCfg = Release|Any CPU
		{C97294D8-A2FF-4138-BC4E-ABB38F93ADBD}.Release|Any CPU.Build.0 = Release|Any CPU
		{C97294D8-A2FF-4138-BC4E-ABB38F93ADBD}.Release|x64.ActiveCfg = Release|Any CPU
		{C97294D8-A2FF-4138-BC4E-ABB38F93ADBD}.Release|x64.Build.0 = Release|Any CPU
		{C97294D8-A2FF-4138-BC4E-ABB38F93ADBD}.Release|x86.ActiveCfg = Release|Any CPU
		{C97294D8-A2FF-4138-BC4E-ABB38F93ADBD}.Release|x86.Build.0 = Release|Any CPU
		{91565FC2-B253-4F23-ACA6-0B166C5BA57A}.Debug|Any CPU.ActiveCfg = Debug|Any CPU
		{91565FC2-B253-4F23-ACA6-0B166C5BA57A}.Debug|Any CPU.Build.0 = Debug|Any CPU
		{91565FC2-B253-4F23-ACA6-0B166C5BA57A}.Debug|x64.ActiveCfg = Debug|Any CPU
		{91565FC2-B253-4F23-ACA6-0B166C5BA57A}.Debug|x64.Build.0 = Debug|Any CPU
		{91565FC2-B253-4F23-ACA6-0B166C5BA57A}.Debug|x86.ActiveCfg = Debug|Any CPU
		{91565FC2-B253-4F23-ACA6-0B166C5BA57A}.Debug|x86.Build.0 = Debug|Any CPU
		{91565FC2-B253-4F23-ACA6-0B166C5BA57A}.Release|Any CPU.ActiveCfg = Release|Any CPU
		{91565FC2-B253-4F23-ACA6-0B166C5BA57A}.Release|Any CPU.Build.0 = Release|Any CPU
		{91565FC2-B253-4F23-ACA6-0B166C5BA57A}.Release|x64.ActiveCfg = Release|Any CPU
		{91565FC2-B253-4F23-ACA6-0B166C5BA57A}.Release|x64.Build.0 = Release|Any CPU
		{91565FC2-B253-4F23-ACA6-0B166C5BA57A}.Release|x86.ActiveCfg = Release|Any CPU
		{91565FC2-B253-4F23-ACA6-0B166C5BA57A}.Release|x86.Build.0 = Release|Any CPU
		{76B07ED2-8B8E-42B9-B794-358FFE28E3CE}.Debug|Any CPU.ActiveCfg = Debug|Any CPU
		{76B07ED2-8B8E-42B9-B794-358FFE28E3CE}.Debug|Any CPU.Build.0 = Debug|Any CPU
		{76B07ED2-8B8E-42B9-B794-358FFE28E3CE}.Debug|x64.ActiveCfg = Debug|Any CPU
		{76B07ED2-8B8E-42B9-B794-358FFE28E3CE}.Debug|x64.Build.0 = Debug|Any CPU
		{76B07ED2-8B8E-42B9-B794-358FFE28E3CE}.Debug|x86.ActiveCfg = Debug|Any CPU
		{76B07ED2-8B8E-42B9-B794-358FFE28E3CE}.Debug|x86.Build.0 = Debug|Any CPU
		{76B07ED2-8B8E-42B9-B794-358FFE28E3CE}.Release|Any CPU.ActiveCfg = Release|Any CPU
		{76B07ED2-8B8E-42B9-B794-358FFE28E3CE}.Release|Any CPU.Build.0 = Release|Any CPU
		{76B07ED2-8B8E-42B9-B794-358FFE28E3CE}.Release|x64.ActiveCfg = Release|Any CPU
		{76B07ED2-8B8E-42B9-B794-358FFE28E3CE}.Release|x64.Build.0 = Release|Any CPU
		{76B07ED2-8B8E-42B9-B794-358FFE28E3CE}.Release|x86.ActiveCfg = Release|Any CPU
		{76B07ED2-8B8E-42B9-B794-358FFE28E3CE}.Release|x86.Build.0 = Release|Any CPU
		{C973F9AF-7C23-470E-ADE0-FA052A97F381}.Debug|Any CPU.ActiveCfg = Debug|Any CPU
		{C973F9AF-7C23-470E-ADE0-FA052A97F381}.Debug|Any CPU.Build.0 = Debug|Any CPU
		{C973F9AF-7C23-470E-ADE0-FA052A97F381}.Debug|x64.ActiveCfg = Debug|Any CPU
		{C973F9AF-7C23-470E-ADE0-FA052A97F381}.Debug|x64.Build.0 = Debug|Any CPU
		{C973F9AF-7C23-470E-ADE0-FA052A97F381}.Debug|x86.ActiveCfg = Debug|Any CPU
		{C973F9AF-7C23-470E-ADE0-FA052A97F381}.Debug|x86.Build.0 = Debug|Any CPU
		{C973F9AF-7C23-470E-ADE0-FA052A97F381}.Release|Any CPU.ActiveCfg = Release|Any CPU
		{C973F9AF-7C23-470E-ADE0-FA052A97F381}.Release|Any CPU.Build.0 = Release|Any CPU
		{C973F9AF-7C23-470E-ADE0-FA052A97F381}.Release|x64.ActiveCfg = Release|Any CPU
		{C973F9AF-7C23-470E-ADE0-FA052A97F381}.Release|x64.Build.0 = Release|Any CPU
		{C973F9AF-7C23-470E-ADE0-FA052A97F381}.Release|x86.ActiveCfg = Release|Any CPU
		{C973F9AF-7C23-470E-ADE0-FA052A97F381}.Release|x86.Build.0 = Release|Any CPU
		{AC0A36B7-B2F1-467D-A818-4712600C52B9}.Debug|Any CPU.ActiveCfg = Debug|Any CPU
		{AC0A36B7-B2F1-467D-A818-4712600C52B9}.Debug|Any CPU.Build.0 = Debug|Any CPU
		{AC0A36B7-B2F1-467D-A818-4712600C52B9}.Debug|x64.ActiveCfg = Debug|Any CPU
		{AC0A36B7-B2F1-467D-A818-4712600C52B9}.Debug|x64.Build.0 = Debug|Any CPU
		{AC0A36B7-B2F1-467D-A818-4712600C52B9}.Debug|x86.ActiveCfg = Debug|Any CPU
		{AC0A36B7-B2F1-467D-A818-4712600C52B9}.Debug|x86.Build.0 = Debug|Any CPU
		{AC0A36B7-B2F1-467D-A818-4712600C52B9}.Release|Any CPU.ActiveCfg = Release|Any CPU
		{AC0A36B7-B2F1-467D-A818-4712600C52B9}.Release|Any CPU.Build.0 = Release|Any CPU
		{AC0A36B7-B2F1-467D-A818-4712600C52B9}.Release|x64.ActiveCfg = Release|Any CPU
		{AC0A36B7-B2F1-467D-A818-4712600C52B9}.Release|x64.Build.0 = Release|Any CPU
		{AC0A36B7-B2F1-467D-A818-4712600C52B9}.Release|x86.ActiveCfg = Release|Any CPU
		{AC0A36B7-B2F1-467D-A818-4712600C52B9}.Release|x86.Build.0 = Release|Any CPU
		{6EE30F26-6547-4AA3-BB48-80B26EE0E693}.Debug|Any CPU.ActiveCfg = Debug|Any CPU
		{6EE30F26-6547-4AA3-BB48-80B26EE0E693}.Debug|Any CPU.Build.0 = Debug|Any CPU
		{6EE30F26-6547-4AA3-BB48-80B26EE0E693}.Debug|x64.ActiveCfg = Debug|Any CPU
		{6EE30F26-6547-4AA3-BB48-80B26EE0E693}.Debug|x64.Build.0 = Debug|Any CPU
		{6EE30F26-6547-4AA3-BB48-80B26EE0E693}.Debug|x86.ActiveCfg = Debug|Any CPU
		{6EE30F26-6547-4AA3-BB48-80B26EE0E693}.Debug|x86.Build.0 = Debug|Any CPU
		{6EE30F26-6547-4AA3-BB48-80B26EE0E693}.Release|Any CPU.ActiveCfg = Release|Any CPU
		{6EE30F26-6547-4AA3-BB48-80B26EE0E693}.Release|Any CPU.Build.0 = Release|Any CPU
		{6EE30F26-6547-4AA3-BB48-80B26EE0E693}.Release|x64.ActiveCfg = Release|Any CPU
		{6EE30F26-6547-4AA3-BB48-80B26EE0E693}.Release|x64.Build.0 = Release|Any CPU
		{6EE30F26-6547-4AA3-BB48-80B26EE0E693}.Release|x86.ActiveCfg = Release|Any CPU
		{6EE30F26-6547-4AA3-BB48-80B26EE0E693}.Release|x86.Build.0 = Release|Any CPU
		{C9066C88-95AF-4E81-886A-563C26F7ADD5}.Debug|Any CPU.ActiveCfg = Debug|Any CPU
		{C9066C88-95AF-4E81-886A-563C26F7ADD5}.Debug|Any CPU.Build.0 = Debug|Any CPU
		{C9066C88-95AF-4E81-886A-563C26F7ADD5}.Debug|x64.ActiveCfg = Debug|Any CPU
		{C9066C88-95AF-4E81-886A-563C26F7ADD5}.Debug|x64.Build.0 = Debug|Any CPU
		{C9066C88-95AF-4E81-886A-563C26F7ADD5}.Debug|x86.ActiveCfg = Debug|Any CPU
		{C9066C88-95AF-4E81-886A-563C26F7ADD5}.Debug|x86.Build.0 = Debug|Any CPU
		{C9066C88-95AF-4E81-886A-563C26F7ADD5}.Release|Any CPU.ActiveCfg = Release|Any CPU
		{C9066C88-95AF-4E81-886A-563C26F7ADD5}.Release|Any CPU.Build.0 = Release|Any CPU
		{C9066C88-95AF-4E81-886A-563C26F7ADD5}.Release|x64.ActiveCfg = Release|Any CPU
		{C9066C88-95AF-4E81-886A-563C26F7ADD5}.Release|x64.Build.0 = Release|Any CPU
		{C9066C88-95AF-4E81-886A-563C26F7ADD5}.Release|x86.ActiveCfg = Release|Any CPU
		{C9066C88-95AF-4E81-886A-563C26F7ADD5}.Release|x86.Build.0 = Release|Any CPU
	EndGlobalSection
	GlobalSection(SolutionProperties) = preSolution
		HideSolutionNode = FALSE
	EndGlobalSection
	GlobalSection(NestedProjects) = preSolution
		{17F16973-0005-48F3-B0D6-C52D59150E08} = {63EEE1B9-CFBA-4E82-8166-14CEEE99D356}
		{F079C2C9-5DF0-432D-AF16-9CDAA1369053} = {F5B1C5B5-3688-4959-BC5C-FE729C06F9AB}
		{63EEE1B9-CFBA-4E82-8166-14CEEE99D356} = {F5B1C5B5-3688-4959-BC5C-FE729C06F9AB}
		{2DB21C8D-C424-4081-900E-BAFFD80FF7C8} = {26A4FD12-C86C-4122-84CA-72CE53267BCB}
		{26A4FD12-C86C-4122-84CA-72CE53267BCB} = {F5B1C5B5-3688-4959-BC5C-FE729C06F9AB}
		{8A0F3087-C492-4D34-9C94-34C64AA131E9} = {F5B1C5B5-3688-4959-BC5C-FE729C06F9AB}
		{910B21A7-139A-4C05-BBA3-7ABECB186774} = {8A0F3087-C492-4D34-9C94-34C64AA131E9}
		{09A61A25-6163-4AF3-B317-8B979B674248} = {8A0F3087-C492-4D34-9C94-34C64AA131E9}
		{EA599C81-C2C5-4E4E-AD1E-A7D8565B4E11} = {F5B1C5B5-3688-4959-BC5C-FE729C06F9AB}
		{D02EA578-DCA5-434C-9F6C-564E683F865A} = {EA599C81-C2C5-4E4E-AD1E-A7D8565B4E11}
		{C97294D8-A2FF-4138-BC4E-ABB38F93ADBD} = {EA599C81-C2C5-4E4E-AD1E-A7D8565B4E11}
		{91565FC2-B253-4F23-ACA6-0B166C5BA57A} = {8A0F3087-C492-4D34-9C94-34C64AA131E9}
		{76B07ED2-8B8E-42B9-B794-358FFE28E3CE} = {8A0F3087-C492-4D34-9C94-34C64AA131E9}
		{C973F9AF-7C23-470E-ADE0-FA052A97F381} = {8A0F3087-C492-4D34-9C94-34C64AA131E9}
		{AC0A36B7-B2F1-467D-A818-4712600C52B9} = {8A0F3087-C492-4D34-9C94-34C64AA131E9}
		{6EE30F26-6547-4AA3-BB48-80B26EE0E693} = {8A0F3087-C492-4D34-9C94-34C64AA131E9}
		{C9066C88-95AF-4E81-886A-563C26F7ADD5} = {8A0F3087-C492-4D34-9C94-34C64AA131E9}
	EndGlobalSection
EndGlobal
